
Microsoft Visual Studio Solution File, Format Version 12.00
Project("{FAE04EC0-301F-11D3-BF4B-00C04F79EFBC}") = "AuthMagicLink", "AuthMagicLink\AuthMagicLink.csproj", "{F905E882-91C8-4FEB-A236-E544472CEB43}"
EndProject
Project("{FAE04EC0-301F-11D3-BF4B-00C04F79EFBC}") = "AuthMagicLink.Core", "AuthMagicLink.Core\AuthMagicLink.Core.csproj", "{095176F8-0FEE-4680-928C-295F4622D7A6}"
EndProject
Project("{FAE04EC0-301F-11D3-BF4B-00C04F79EFBC}") = "AuthMagicLink.Infraestructure", "AuthMagicLink.Infraestructure\AuthMagicLink.Infraestructure.csproj", "{D29516BE-F960-41EF-84BF-FB63EC19C866}"
EndProject
Project("{FAE04EC0-301F-11D3-BF4B-00C04F79EFBC}") = "AuthMagicLink.Application", "AuthMagicLink.Application\AuthMagicLink.Application.csproj", "{DF6B8756-B76F-46CD-BE55-76E34BF1ECEE}"
EndProject
Global
	GlobalSection(SolutionConfigurationPlatforms) = preSolution
		Debug|Any CPU = Debug|Any CPU
		Release|Any CPU = Release|Any CPU
	EndGlobalSection
	GlobalSection(ProjectConfigurationPlatforms) = postSolution
		{F905E882-91C8-4FEB-A236-E544472CEB43}.Debug|Any CPU.ActiveCfg = Debug|Any CPU
		{F905E882-91C8-4FEB-A236-E544472CEB43}.Debug|Any CPU.Build.0 = Debug|Any CPU
		{F905E882-91C8-4FEB-A236-E544472CEB43}.Release|Any CPU.ActiveCfg = Release|Any CPU
		{F905E882-91C8-4FEB-A236-E544472CEB43}.Release|Any CPU.Build.0 = Release|Any CPU
		{095176F8-0FEE-4680-928C-295F4622D7A6}.Debug|Any CPU.ActiveCfg = Debug|Any CPU
		{095176F8-0FEE-4680-928C-295F4622D7A6}.Debug|Any CPU.Build.0 = Debug|Any CPU
		{095176F8-0FEE-4680-928C-295F4622D7A6}.Release|Any CPU.ActiveCfg = Release|Any CPU
		{095176F8-0FEE-4680-928C-295F4622D7A6}.Release|Any CPU.Build.0 = Release|Any CPU
		{D29516BE-F960-41EF-84BF-FB63EC19C866}.Debug|Any CPU.ActiveCfg = Debug|Any CPU
		{D29516BE-F960-41EF-84BF-FB63EC19C866}.Debug|Any CPU.Build.0 = Debug|Any CPU
		{D29516BE-F960-41EF-84BF-FB63EC19C866}.Release|Any CPU.ActiveCfg = Release|Any CPU
		{D29516BE-F960-41EF-84BF-FB63EC19C866}.Release|Any CPU.Build.0 = Release|Any CPU
		{DF6B8756-B76F-46CD-BE55-76E34BF1ECEE}.Debug|Any CPU.ActiveCfg = Debug|Any CPU
		{DF6B8756-B76F-46CD-BE55-76E34BF1ECEE}.Debug|Any CPU.Build.0 = Debug|Any CPU
		{DF6B8756-B76F-46CD-BE55-76E34BF1ECEE}.Release|Any CPU.ActiveCfg = Release|Any CPU
		{DF6B8756-B76F-46CD-BE55-76E34BF1ECEE}.Release|Any CPU.Build.0 = Release|Any CPU
	EndGlobalSection
EndGlobal
